
Microsoft Visual Studio Solution File, Format Version 12.00
# Visual Studio Version 17
VisualStudioVersion = 17.0.31903.59
MinimumVisualStudioVersion = 10.0.40219.1
Project("{FAE04EC0-301F-11D3-BF4B-00C04F79EFBC}") = "WaterDelivery.Domain", "WaterDelivery.Domain\WaterDelivery.Domain.csproj", "{AA0A9B47-DEF5-4415-B318-77F76DE3F198}"
EndProject
Project("{FAE04EC0-301F-11D3-BF4B-00C04F79EFBC}") = "WaterDelivery.Application", "WaterDelivery.Application\WaterDelivery.Application.csproj", "{074F8EE1-C96C-4047-8D14-91812A62F300}"
EndProject
Project("{FAE04EC0-301F-11D3-BF4B-00C04F79EFBC}") = "WaterDelivery.Infrastructure", "WaterDelivery.Infrastructure\WaterDelivery.Infrastructure.csproj", "{9EFCBA54-1A76-459F-BEA1-22A131E547F8}"
EndProject
Project("{FAE04EC0-301F-11D3-BF4B-00C04F79EFBC}") = "WaterDelivery.API", "WaterDelivery.API\WaterDelivery.API.csproj", "{714938EE-45E3-47FC-9D86-C5C29C6D804A}"
EndProject
Project("{2150E333-8FDC-42A3-9474-1A3956D46DE8}") = "Solution Items", "Solution Items", "{8EC462FD-D22E-90A8-E5CE-7E832BA40C5D}"
	ProjectSection(SolutionItems) = preProject
		global.json = global.json
	EndProjectSection
EndProject
Global
	GlobalSection(SolutionConfigurationPlatforms) = preSolution
		Debug|Any CPU = Debug|Any CPU
		Debug|x64 = Debug|x64
		Debug|x86 = Debug|x86
		Release|Any CPU = Release|Any CPU
		Release|x64 = Release|x64
		Release|x86 = Release|x86
	EndGlobalSection
	GlobalSection(ProjectConfigurationPlatforms) = postSolution
		{AA0A9B47-DEF5-4415-B318-77F76DE3F198}.Debug|Any CPU.ActiveCfg = Debug|Any CPU
		{AA0A9B47-DEF5-4415-B318-77F76DE3F198}.Debug|Any CPU.Build.0 = Debug|Any CPU
		{AA0A9B47-DEF5-4415-B318-77F76DE3F198}.Debug|x64.ActiveCfg = Debug|Any CPU
		{AA0A9B47-DEF5-4415-B318-77F76DE3F198}.Debug|x64.Build.0 = Debug|Any CPU
		{AA0A9B47-DEF5-4415-B318-77F76DE3F198}.Debug|x86.ActiveCfg = Debug|Any CPU
		{AA0A9B47-DEF5-4415-B318-77F76DE3F198}.Debug|x86.Build.0 = Debug|Any CPU
		{AA0A9B47-DEF5-4415-B318-77F76DE3F198}.Release|Any CPU.ActiveCfg = Release|Any CPU
		{AA0A9B47-DEF5-4415-B318-77F76DE3F198}.Release|Any CPU.Build.0 = Release|Any CPU
		{AA0A9B47-DEF5-4415-B318-77F76DE3F198}.Release|x64.ActiveCfg = Release|Any CPU
		{AA0A9B47-DEF5-4415-B318-77F76DE3F198}.Release|x64.Build.0 = Release|Any CPU
		{AA0A9B47-DEF5-4415-B318-77F76DE3F198}.Release|x86.ActiveCfg = Release|Any CPU
		{AA0A9B47-DEF5-4415-B318-77F76DE3F198}.Release|x86.Build.0 = Release|Any CPU
		{074F8EE1-C96C-4047-8D14-91812A62F300}.Debug|Any CPU.ActiveCfg = Debug|Any CPU
		{074F8EE1-C96C-4047-8D14-91812A62F300}.Debug|Any CPU.Build.0 = Debug|Any CPU
		{074F8EE1-C96C-4047-8D14-91812A62F300}.Debug|x64.ActiveCfg = Debug|Any CPU
		{074F8EE1-C96C-4047-8D14-91812A62F300}.Debug|x64.Build.0 = Debug|Any CPU
		{074F8EE1-C96C-4047-8D14-91812A62F300}.Debug|x86.ActiveCfg = Debug|Any CPU
		{074F8EE1-C96C-4047-8D14-91812A62F300}.Debug|x86.Build.0 = Debug|Any CPU
		{074F8EE1-C96C-4047-8D14-91812A62F300}.Release|Any CPU.ActiveCfg = Release|Any CPU
		{074F8EE1-C96C-4047-8D14-91812A62F300}.Release|Any CPU.Build.0 = Release|Any CPU
		{074F8EE1-C96C-4047-8D14-91812A62F300}.Release|x64.ActiveCfg = Release|Any CPU
		{074F8EE1-C96C-4047-8D14-91812A62F300}.Release|x64.Build.0 = Release|Any CPU
		{074F8EE1-C96C-4047-8D14-91812A62F300}.Release|x86.ActiveCfg = Release|Any CPU
		{074F8EE1-C96C-4047-8D14-91812A62F300}.Release|x86.Build.0 = Release|Any CPU
		{9EFCBA54-1A76-459F-BEA1-22A131E547F8}.Debug|Any CPU.ActiveCfg = Debug|Any CPU
		{9EFCBA54-1A76-459F-BEA1-22A131E547F8}.Debug|Any CPU.Build.0 = Debug|Any CPU
		{9EFCBA54-1A76-459F-BEA1-22A131E547F8}.Debug|x64.ActiveCfg = Debug|Any CPU
		{9EFCBA54-1A76-459F-BEA1-22A131E547F8}.Debug|x64.Build.0 = Debug|Any CPU
		{9EFCBA54-1A76-459F-BEA1-22A131E547F8}.Debug|x86.ActiveCfg = Debug|Any CPU
		{9EFCBA54-1A76-459F-BEA1-22A131E547F8}.Debug|x86.Build.0 = Debug|Any CPU
		{9EFCBA54-1A76-459F-BEA1-22A131E547F8}.Release|Any CPU.ActiveCfg = Release|Any CPU
		{9EFCBA54-1A76-459F-BEA1-22A131E547F8}.Release|Any CPU.Build.0 = Release|Any CPU
		{9EFCBA54-1A76-459F-BEA1-22A131E547F8}.Release|x64.ActiveCfg = Release|Any CPU
		{9EFCBA54-1A76-459F-BEA1-22A131E547F8}.Release|x64.Build.0 = Release|Any CPU
		{9EFCBA54-1A76-459F-BEA1-22A131E547F8}.Release|x86.ActiveCfg = Release|Any CPU
		{9EFCBA54-1A76-459F-BEA1-22A131E547F8}.Release|x86.Build.0 = Release|Any CPU
		{714938EE-45E3-47FC-9D86-C5C29C6D804A}.Debug|Any CPU.ActiveCfg = Debug|Any CPU
		{714938EE-45E3-47FC-9D86-C5C29C6D804A}.Debug|Any CPU.Build.0 = Debug|Any CPU
		{714938EE-45E3-47FC-9D86-C5C29C6D804A}.Debug|x64.ActiveCfg = Debug|Any CPU
		{714938EE-45E3-47FC-9D86-C5C29C6D804A}.Debug|x64.Build.0 = Debug|Any CPU
		{714938EE-45E3-47FC-9D86-C5C29C6D804A}.Debug|x86.ActiveCfg = Debug|Any CPU
		{714938EE-45E3-47FC-9D86-C5C29C6D804A}.Debug|x86.Build.0 = Debug|Any CPU
		{714938EE-45E3-47FC-9D86-C5C29C6D804A}.Release|Any CPU.ActiveCfg = Release|Any CPU
		{714938EE-45E3-47FC-9D86-C5C29C6D804A}.Release|Any CPU.Build.0 = Release|Any CPU
		{714938EE-45E3-47FC-9D86-C5C29C6D804A}.Release|x64.ActiveCfg = Release|Any CPU
		{714938EE-45E3-47FC-9D86-C5C29C6D804A}.Release|x64.Build.0 = Release|Any CPU
		{714938EE-45E3-47FC-9D86-C5C29C6D804A}.Release|x86.ActiveCfg = Release|Any CPU
		{714938EE-45E3-47FC-9D86-C5C29C6D804A}.Release|x86.Build.0 = Release|Any CPU
	EndGlobalSection
	GlobalSection(SolutionProperties) = preSolution
		HideSolutionNode = FALSE
	EndGlobalSection
	GlobalSection(ExtensibilityGlobals) = postSolution
		SolutionGuid = {B77A069B-0502-4097-9E55-C9B128697D82}
	EndGlobalSection
EndGlobal
